// !$*UTF8*$!
{
	archiveVersion = 1;
	classes = {
	};
	objectVersion = 51;
	objects = {

/* Begin PBXBuildFile section */
		41FCE62E44BD341D9A91AA23 /* Pods_Flix_FlixUITests.framework in Frameworks */ = {isa = PBXBuildFile; fileRef = 6D620C0741473B7AD7A1B4FE /* Pods_Flix_FlixUITests.framework */; };
		7D38BC7159F755597CA26458 /* Pods_FlixTests.framework in Frameworks */ = {isa = PBXBuildFile; fileRef = BE3DC746DD5F5315B34CF9B7 /* Pods_FlixTests.framework */; };
		844E72FDAE230C75ECB03193 /* Pods_Flix.framework in Frameworks */ = {isa = PBXBuildFile; fileRef = 688B1AF4400818974A02221F /* Pods_Flix.framework */; };
		9B0183992683902D00F4661C /* AppDelegate.m in Sources */ = {isa = PBXBuildFile; fileRef = 9B0183982683902D00F4661C /* AppDelegate.m */; };
		9B01839C2683902D00F4661C /* SceneDelegate.m in Sources */ = {isa = PBXBuildFile; fileRef = 9B01839B2683902D00F4661C /* SceneDelegate.m */; };
		9B0183A22683902D00F4661C /* Main.storyboard in Resources */ = {isa = PBXBuildFile; fileRef = 9B0183A02683902D00F4661C /* Main.storyboard */; };
		9B0183A42683902E00F4661C /* Assets.xcassets in Resources */ = {isa = PBXBuildFile; fileRef = 9B0183A32683902E00F4661C /* Assets.xcassets */; };
		9B0183A72683902E00F4661C /* LaunchScreen.storyboard in Resources */ = {isa = PBXBuildFile; fileRef = 9B0183A52683902E00F4661C /* LaunchScreen.storyboard */; };
		9B0183AA2683902E00F4661C /* main.m in Sources */ = {isa = PBXBuildFile; fileRef = 9B0183A92683902E00F4661C /* main.m */; };
		9B0183B42683902E00F4661C /* FlixTests.m in Sources */ = {isa = PBXBuildFile; fileRef = 9B0183B32683902E00F4661C /* FlixTests.m */; };
		9B0183BF2683902E00F4661C /* FlixUITests.m in Sources */ = {isa = PBXBuildFile; fileRef = 9B0183BE2683902E00F4661C /* FlixUITests.m */; };
		9B0183CE26839DD900F4661C /* MoviesViewController.m in Sources */ = {isa = PBXBuildFile; fileRef = 9B0183CD26839DD900F4661C /* MoviesViewController.m */; };
		9B0183D32683D51D00F4661C /* MovieCell.m in Sources */ = {isa = PBXBuildFile; fileRef = 9B0183D22683D51D00F4661C /* MovieCell.m */; };
		9B0183D62683F89A00F4661C /* DetailsViewController.m in Sources */ = {isa = PBXBuildFile; fileRef = 9B0183D52683F89A00F4661C /* DetailsViewController.m */; };
		9B45E1FF26853ACB003A2592 /* MoviesGridViewController.m in Sources */ = {isa = PBXBuildFile; fileRef = 9B45E1FE26853ACB003A2592 /* MoviesGridViewController.m */; };
		9B45E20226853DDD003A2592 /* MovieCollectionCell.m in Sources */ = {isa = PBXBuildFile; fileRef = 9B45E20126853DDD003A2592 /* MovieCollectionCell.m */; };
/* End PBXBuildFile section */

/* Begin PBXContainerItemProxy section */
		9B0183B02683902E00F4661C /* PBXContainerItemProxy */ = {
			isa = PBXContainerItemProxy;
			containerPortal = 9B01838C2683902D00F4661C /* Project object */;
			proxyType = 1;
			remoteGlobalIDString = 9B0183932683902D00F4661C;
			remoteInfo = Flix;
		};
		9B0183BB2683902E00F4661C /* PBXContainerItemProxy */ = {
			isa = PBXContainerItemProxy;
			containerPortal = 9B01838C2683902D00F4661C /* Project object */;
			proxyType = 1;
			remoteGlobalIDString = 9B0183932683902D00F4661C;
			remoteInfo = Flix;
		};
/* End PBXContainerItemProxy section */

/* Begin PBXFileReference section */
		3070C6342F3A30C447F4BB36 /* Pods-FlixTests.debug.xcconfig */ = {isa = PBXFileReference; includeInIndex = 1; lastKnownFileType = text.xcconfig; name = "Pods-FlixTests.debug.xcconfig"; path = "Target Support Files/Pods-FlixTests/Pods-FlixTests.debug.xcconfig"; sourceTree = "<group>"; };
		688B1AF4400818974A02221F /* Pods_Flix.framework */ = {isa = PBXFileReference; explicitFileType = wrapper.framework; includeInIndex = 0; path = Pods_Flix.framework; sourceTree = BUILT_PRODUCTS_DIR; };
		6D620C0741473B7AD7A1B4FE /* Pods_Flix_FlixUITests.framework */ = {isa = PBXFileReference; explicitFileType = wrapper.framework; includeInIndex = 0; path = Pods_Flix_FlixUITests.framework; sourceTree = BUILT_PRODUCTS_DIR; };
		9975DA07B8C4FC1418DEAFD8 /* Pods-Flix.debug.xcconfig */ = {isa = PBXFileReference; includeInIndex = 1; lastKnownFileType = text.xcconfig; name = "Pods-Flix.debug.xcconfig"; path = "Target Support Files/Pods-Flix/Pods-Flix.debug.xcconfig"; sourceTree = "<group>"; };
		9B0183942683902D00F4661C /* Flix.app */ = {isa = PBXFileReference; explicitFileType = wrapper.application; includeInIndex = 0; path = Flix.app; sourceTree = BUILT_PRODUCTS_DIR; };
		9B0183972683902D00F4661C /* AppDelegate.h */ = {isa = PBXFileReference; lastKnownFileType = sourcecode.c.h; path = AppDelegate.h; sourceTree = "<group>"; };
		9B0183982683902D00F4661C /* AppDelegate.m */ = {isa = PBXFileReference; lastKnownFileType = sourcecode.c.objc; path = AppDelegate.m; sourceTree = "<group>"; };
		9B01839A2683902D00F4661C /* SceneDelegate.h */ = {isa = PBXFileReference; lastKnownFileType = sourcecode.c.h; path = SceneDelegate.h; sourceTree = "<group>"; };
		9B01839B2683902D00F4661C /* SceneDelegate.m */ = {isa = PBXFileReference; lastKnownFileType = sourcecode.c.objc; path = SceneDelegate.m; sourceTree = "<group>"; };
		9B0183A12683902D00F4661C /* Base */ = {isa = PBXFileReference; lastKnownFileType = file.storyboard; name = Base; path = Base.lproj/Main.storyboard; sourceTree = "<group>"; };
		9B0183A32683902E00F4661C /* Assets.xcassets */ = {isa = PBXFileReference; lastKnownFileType = folder.assetcatalog; path = Assets.xcassets; sourceTree = "<group>"; };
		9B0183A62683902E00F4661C /* Base */ = {isa = PBXFileReference; lastKnownFileType = file.storyboard; name = Base; path = Base.lproj/LaunchScreen.storyboard; sourceTree = "<group>"; };
		9B0183A82683902E00F4661C /* Info.plist */ = {isa = PBXFileReference; lastKnownFileType = text.plist.xml; path = Info.plist; sourceTree = "<group>"; };
		9B0183A92683902E00F4661C /* main.m */ = {isa = PBXFileReference; lastKnownFileType = sourcecode.c.objc; path = main.m; sourceTree = "<group>"; };
		9B0183AF2683902E00F4661C /* FlixTests.xctest */ = {isa = PBXFileReference; explicitFileType = wrapper.cfbundle; includeInIndex = 0; path = FlixTests.xctest; sourceTree = BUILT_PRODUCTS_DIR; };
		9B0183B32683902E00F4661C /* FlixTests.m */ = {isa = PBXFileReference; lastKnownFileType = sourcecode.c.objc; path = FlixTests.m; sourceTree = "<group>"; };
		9B0183B52683902E00F4661C /* Info.plist */ = {isa = PBXFileReference; lastKnownFileType = text.plist.xml; path = Info.plist; sourceTree = "<group>"; };
		9B0183BA2683902E00F4661C /* FlixUITests.xctest */ = {isa = PBXFileReference; explicitFileType = wrapper.cfbundle; includeInIndex = 0; path = FlixUITests.xctest; sourceTree = BUILT_PRODUCTS_DIR; };
		9B0183BE2683902E00F4661C /* FlixUITests.m */ = {isa = PBXFileReference; lastKnownFileType = sourcecode.c.objc; path = FlixUITests.m; sourceTree = "<group>"; };
		9B0183C02683902E00F4661C /* Info.plist */ = {isa = PBXFileReference; lastKnownFileType = text.plist.xml; path = Info.plist; sourceTree = "<group>"; };
		9B0183CC26839DD900F4661C /* MoviesViewController.h */ = {isa = PBXFileReference; lastKnownFileType = sourcecode.c.h; path = MoviesViewController.h; sourceTree = "<group>"; };
		9B0183CD26839DD900F4661C /* MoviesViewController.m */ = {isa = PBXFileReference; lastKnownFileType = sourcecode.c.objc; path = MoviesViewController.m; sourceTree = "<group>"; };
		9B0183D12683D51D00F4661C /* MovieCell.h */ = {isa = PBXFileReference; lastKnownFileType = sourcecode.c.h; path = MovieCell.h; sourceTree = "<group>"; };
		9B0183D22683D51D00F4661C /* MovieCell.m */ = {isa = PBXFileReference; lastKnownFileType = sourcecode.c.objc; path = MovieCell.m; sourceTree = "<group>"; };
		9B0183D42683F89A00F4661C /* DetailsViewController.h */ = {isa = PBXFileReference; lastKnownFileType = sourcecode.c.h; path = DetailsViewController.h; sourceTree = "<group>"; };
		9B0183D52683F89A00F4661C /* DetailsViewController.m */ = {isa = PBXFileReference; lastKnownFileType = sourcecode.c.objc; path = DetailsViewController.m; sourceTree = "<group>"; };
		9B45E1FD26853ACB003A2592 /* MoviesGridViewController.h */ = {isa = PBXFileReference; lastKnownFileType = sourcecode.c.h; path = MoviesGridViewController.h; sourceTree = "<group>"; };
		9B45E1FE26853ACB003A2592 /* MoviesGridViewController.m */ = {isa = PBXFileReference; lastKnownFileType = sourcecode.c.objc; path = MoviesGridViewController.m; sourceTree = "<group>"; };
		9B45E20026853DDD003A2592 /* MovieCollectionCell.h */ = {isa = PBXFileReference; lastKnownFileType = sourcecode.c.h; path = MovieCollectionCell.h; sourceTree = "<group>"; };
		9B45E20126853DDD003A2592 /* MovieCollectionCell.m */ = {isa = PBXFileReference; lastKnownFileType = sourcecode.c.objc; path = MovieCollectionCell.m; sourceTree = "<group>"; };
		BE3DC746DD5F5315B34CF9B7 /* Pods_FlixTests.framework */ = {isa = PBXFileReference; explicitFileType = wrapper.framework; includeInIndex = 0; path = Pods_FlixTests.framework; sourceTree = BUILT_PRODUCTS_DIR; };
		D2DB1B54B8AC695A44304536 /* Pods-Flix-FlixUITests.debug.xcconfig */ = {isa = PBXFileReference; includeInIndex = 1; lastKnownFileType = text.xcconfig; name = "Pods-Flix-FlixUITests.debug.xcconfig"; path = "Target Support Files/Pods-Flix-FlixUITests/Pods-Flix-FlixUITests.debug.xcconfig"; sourceTree = "<group>"; };
		E35FEA37A2BC43612406F3B5 /* Pods-Flix.release.xcconfig */ = {isa = PBXFileReference; includeInIndex = 1; lastKnownFileType = text.xcconfig; name = "Pods-Flix.release.xcconfig"; path = "Target Support Files/Pods-Flix/Pods-Flix.release.xcconfig"; sourceTree = "<group>"; };
		F7C5DA14E15FB2D852148656 /* Pods-Flix-FlixUITests.release.xcconfig */ = {isa = PBXFileReference; includeInIndex = 1; lastKnownFileType = text.xcconfig; name = "Pods-Flix-FlixUITests.release.xcconfig"; path = "Target Support Files/Pods-Flix-FlixUITests/Pods-Flix-FlixUITests.release.xcconfig"; sourceTree = "<group>"; };
		F7F792EC7A5AACDDFDEE88B0 /* Pods-FlixTests.release.xcconfig */ = {isa = PBXFileReference; includeInIndex = 1; lastKnownFileType = text.xcconfig; name = "Pods-FlixTests.release.xcconfig"; path = "Target Support Files/Pods-FlixTests/Pods-FlixTests.release.xcconfig"; sourceTree = "<group>"; };
/* End PBXFileReference section */

/* Begin PBXFrameworksBuildPhase section */
		9B0183912683902D00F4661C /* Frameworks */ = {
			isa = PBXFrameworksBuildPhase;
			buildActionMask = 2147483647;
			files = (
				844E72FDAE230C75ECB03193 /* Pods_Flix.framework in Frameworks */,
			);
			runOnlyForDeploymentPostprocessing = 0;
		};
		9B0183AC2683902E00F4661C /* Frameworks */ = {
			isa = PBXFrameworksBuildPhase;
			buildActionMask = 2147483647;
			files = (
				7D38BC7159F755597CA26458 /* Pods_FlixTests.framework in Frameworks */,
			);
			runOnlyForDeploymentPostprocessing = 0;
		};
		9B0183B72683902E00F4661C /* Frameworks */ = {
			isa = PBXFrameworksBuildPhase;
			buildActionMask = 2147483647;
			files = (
				41FCE62E44BD341D9A91AA23 /* Pods_Flix_FlixUITests.framework in Frameworks */,
			);
			runOnlyForDeploymentPostprocessing = 0;
		};
/* End PBXFrameworksBuildPhase section */

/* Begin PBXGroup section */
		38BCFE1BE99CCD388F4D68AA /* Frameworks */ = {
			isa = PBXGroup;
			children = (
				688B1AF4400818974A02221F /* Pods_Flix.framework */,
				6D620C0741473B7AD7A1B4FE /* Pods_Flix_FlixUITests.framework */,
				BE3DC746DD5F5315B34CF9B7 /* Pods_FlixTests.framework */,
			);
			name = Frameworks;
			sourceTree = "<group>";
		};
		9B01838B2683902D00F4661C = {
			isa = PBXGroup;
			children = (
				9B0183962683902D00F4661C /* Flix */,
				9B0183B22683902E00F4661C /* FlixTests */,
				9B0183BD2683902E00F4661C /* FlixUITests */,
				9B0183952683902D00F4661C /* Products */,
				A1706B9AE1327465FF9D34F2 /* Pods */,
				38BCFE1BE99CCD388F4D68AA /* Frameworks */,
			);
			sourceTree = "<group>";
		};
		9B0183952683902D00F4661C /* Products */ = {
			isa = PBXGroup;
			children = (
				9B0183942683902D00F4661C /* Flix.app */,
				9B0183AF2683902E00F4661C /* FlixTests.xctest */,
				9B0183BA2683902E00F4661C /* FlixUITests.xctest */,
			);
			name = Products;
			sourceTree = "<group>";
		};
		9B0183962683902D00F4661C /* Flix */ = {
			isa = PBXGroup;
			children = (
				9B0183D72683FCFA00F4661C /* Models */,
				9B0183D02683D4FA00F4661C /* Views */,
				9B0183CF26839EE900F4661C /* View Controllers */,
				9B0183972683902D00F4661C /* AppDelegate.h */,
				9B0183982683902D00F4661C /* AppDelegate.m */,
				9B01839A2683902D00F4661C /* SceneDelegate.h */,
				9B01839B2683902D00F4661C /* SceneDelegate.m */,
				9B0183A02683902D00F4661C /* Main.storyboard */,
				9B0183A32683902E00F4661C /* Assets.xcassets */,
				9B0183A52683902E00F4661C /* LaunchScreen.storyboard */,
				9B0183A82683902E00F4661C /* Info.plist */,
				9B0183A92683902E00F4661C /* main.m */,
			);
			path = Flix;
			sourceTree = "<group>";
		};
		9B0183B22683902E00F4661C /* FlixTests */ = {
			isa = PBXGroup;
			children = (
				9B0183B32683902E00F4661C /* FlixTests.m */,
				9B0183B52683902E00F4661C /* Info.plist */,
			);
			path = FlixTests;
			sourceTree = "<group>";
		};
		9B0183BD2683902E00F4661C /* FlixUITests */ = {
			isa = PBXGroup;
			children = (
				9B0183BE2683902E00F4661C /* FlixUITests.m */,
				9B0183C02683902E00F4661C /* Info.plist */,
			);
			path = FlixUITests;
			sourceTree = "<group>";
		};
		9B0183CF26839EE900F4661C /* View Controllers */ = {
			isa = PBXGroup;
			children = (
				9B0183CC26839DD900F4661C /* MoviesViewController.h */,
				9B0183CD26839DD900F4661C /* MoviesViewController.m */,
				9B0183D42683F89A00F4661C /* DetailsViewController.h */,
				9B0183D52683F89A00F4661C /* DetailsViewController.m */,
				9B45E1FD26853ACB003A2592 /* MoviesGridViewController.h */,
				9B45E1FE26853ACB003A2592 /* MoviesGridViewController.m */,
			);
			path = "View Controllers";
			sourceTree = "<group>";
		};
		9B0183D02683D4FA00F4661C /* Views */ = {
			isa = PBXGroup;
			children = (
				9B0183D12683D51D00F4661C /* MovieCell.h */,
				9B0183D22683D51D00F4661C /* MovieCell.m */,
				9B45E20026853DDD003A2592 /* MovieCollectionCell.h */,
				9B45E20126853DDD003A2592 /* MovieCollectionCell.m */,
			);
			path = Views;
			sourceTree = "<group>";
		};
		9B0183D72683FCFA00F4661C /* Models */ = {
			isa = PBXGroup;
			children = (
			);
			path = Models;
			sourceTree = "<group>";
		};
		A1706B9AE1327465FF9D34F2 /* Pods */ = {
			isa = PBXGroup;
			children = (
				9975DA07B8C4FC1418DEAFD8 /* Pods-Flix.debug.xcconfig */,
				E35FEA37A2BC43612406F3B5 /* Pods-Flix.release.xcconfig */,
				D2DB1B54B8AC695A44304536 /* Pods-Flix-FlixUITests.debug.xcconfig */,
				F7C5DA14E15FB2D852148656 /* Pods-Flix-FlixUITests.release.xcconfig */,
				3070C6342F3A30C447F4BB36 /* Pods-FlixTests.debug.xcconfig */,
				F7F792EC7A5AACDDFDEE88B0 /* Pods-FlixTests.release.xcconfig */,
			);
			path = Pods;
			sourceTree = "<group>";
		};
/* End PBXGroup section */

/* Begin PBXNativeTarget section */
		9B0183932683902D00F4661C /* Flix */ = {
			isa = PBXNativeTarget;
			buildConfigurationList = 9B0183C32683902E00F4661C /* Build configuration list for PBXNativeTarget "Flix" */;
			buildPhases = (
				784CFF8AD24014EEFF2A50CF /* [CP] Check Pods Manifest.lock */,
				9B0183902683902D00F4661C /* Sources */,
				9B0183912683902D00F4661C /* Frameworks */,
				9B0183922683902D00F4661C /* Resources */,
				FC11D151F1368CDFE1440B25 /* [CP] Embed Pods Frameworks */,
			);
			buildRules = (
			);
			dependencies = (
			);
			name = Flix;
			productName = Flix;
			productReference = 9B0183942683902D00F4661C /* Flix.app */;
			productType = "com.apple.product-type.application";
		};
		9B0183AE2683902E00F4661C /* FlixTests */ = {
			isa = PBXNativeTarget;
			buildConfigurationList = 9B0183C62683902E00F4661C /* Build configuration list for PBXNativeTarget "FlixTests" */;
			buildPhases = (
				5A9A696E5801D3BFC3BE01A9 /* [CP] Check Pods Manifest.lock */,
				9B0183AB2683902E00F4661C /* Sources */,
				9B0183AC2683902E00F4661C /* Frameworks */,
				9B0183AD2683902E00F4661C /* Resources */,
			);
			buildRules = (
			);
			dependencies = (
				9B0183B12683902E00F4661C /* PBXTargetDependency */,
			);
			name = FlixTests;
			productName = FlixTests;
			productReference = 9B0183AF2683902E00F4661C /* FlixTests.xctest */;
			productType = "com.apple.product-type.bundle.unit-test";
		};
		9B0183B92683902E00F4661C /* FlixUITests */ = {
			isa = PBXNativeTarget;
			buildConfigurationList = 9B0183C92683902E00F4661C /* Build configuration list for PBXNativeTarget "FlixUITests" */;
			buildPhases = (
				F503FDFF58D4ED09CD5537F9 /* [CP] Check Pods Manifest.lock */,
				9B0183B62683902E00F4661C /* Sources */,
				9B0183B72683902E00F4661C /* Frameworks */,
				9B0183B82683902E00F4661C /* Resources */,
				707EA6CEA46E9298E1DD68DC /* [CP] Embed Pods Frameworks */,
			);
			buildRules = (
			);
			dependencies = (
				9B0183BC2683902E00F4661C /* PBXTargetDependency */,
			);
			name = FlixUITests;
			productName = FlixUITests;
			productReference = 9B0183BA2683902E00F4661C /* FlixUITests.xctest */;
			productType = "com.apple.product-type.bundle.ui-testing";
		};
/* End PBXNativeTarget section */

/* Begin PBXProject section */
		9B01838C2683902D00F4661C /* Project object */ = {
			isa = PBXProject;
			attributes = {
				LastUpgradeCheck = 1250;
				TargetAttributes = {
					9B0183932683902D00F4661C = {
						CreatedOnToolsVersion = 12.5;
					};
					9B0183AE2683902E00F4661C = {
						CreatedOnToolsVersion = 12.5;
						TestTargetID = 9B0183932683902D00F4661C;
					};
					9B0183B92683902E00F4661C = {
						CreatedOnToolsVersion = 12.5;
						TestTargetID = 9B0183932683902D00F4661C;
					};
				};
			};
			buildConfigurationList = 9B01838F2683902D00F4661C /* Build configuration list for PBXProject "Flix" */;
			compatibilityVersion = "Xcode 9.3";
			developmentRegion = en;
			hasScannedForEncodings = 0;
			knownRegions = (
				en,
				Base,
			);
			mainGroup = 9B01838B2683902D00F4661C;
			productRefGroup = 9B0183952683902D00F4661C /* Products */;
			projectDirPath = "";
			projectRoot = "";
			targets = (
				9B0183932683902D00F4661C /* Flix */,
				9B0183AE2683902E00F4661C /* FlixTests */,
				9B0183B92683902E00F4661C /* FlixUITests */,
			);
		};
/* End PBXProject section */

/* Begin PBXResourcesBuildPhase section */
		9B0183922683902D00F4661C /* Resources */ = {
			isa = PBXResourcesBuildPhase;
			buildActionMask = 2147483647;
			files = (
				9B0183A72683902E00F4661C /* LaunchScreen.storyboard in Resources */,
				9B0183A42683902E00F4661C /* Assets.xcassets in Resources */,
				9B0183A22683902D00F4661C /* Main.storyboard in Resources */,
			);
			runOnlyForDeploymentPostprocessing = 0;
		};
		9B0183AD2683902E00F4661C /* Resources */ = {
			isa = PBXResourcesBuildPhase;
			buildActionMask = 2147483647;
			files = (
			);
			runOnlyForDeploymentPostprocessing = 0;
		};
		9B0183B82683902E00F4661C /* Resources */ = {
			isa = PBXResourcesBuildPhase;
			buildActionMask = 2147483647;
			files = (
			);
			runOnlyForDeploymentPostprocessing = 0;
		};
/* End PBXResourcesBuildPhase section */

/* Begin PBXShellScriptBuildPhase section */
		5A9A696E5801D3BFC3BE01A9 /* [CP] Check Pods Manifest.lock */ = {
			isa = PBXShellScriptBuildPhase;
			buildActionMask = 2147483647;
			files = (
			);
			inputFileListPaths = (
			);
			inputPaths = (
				"${PODS_PODFILE_DIR_PATH}/Podfile.lock",
				"${PODS_ROOT}/Manifest.lock",
			);
			name = "[CP] Check Pods Manifest.lock";
			outputFileListPaths = (
			);
			outputPaths = (
				"$(DERIVED_FILE_DIR)/Pods-FlixTests-checkManifestLockResult.txt",
			);
			runOnlyForDeploymentPostprocessing = 0;
			shellPath = /bin/sh;
			shellScript = "diff \"${PODS_PODFILE_DIR_PATH}/Podfile.lock\" \"${PODS_ROOT}/Manifest.lock\" > /dev/null\nif [ $? != 0 ] ; then\n    # print error to STDERR\n    echo \"error: The sandbox is not in sync with the Podfile.lock. Run 'pod install' or update your CocoaPods installation.\" >&2\n    exit 1\nfi\n# This output is used by Xcode 'outputs' to avoid re-running this script phase.\necho \"SUCCESS\" > \"${SCRIPT_OUTPUT_FILE_0}\"\n";
			showEnvVarsInLog = 0;
		};
		707EA6CEA46E9298E1DD68DC /* [CP] Embed Pods Frameworks */ = {
			isa = PBXShellScriptBuildPhase;
			buildActionMask = 2147483647;
			files = (
			);
			inputFileListPaths = (
				"${PODS_ROOT}/Target Support Files/Pods-Flix-FlixUITests/Pods-Flix-FlixUITests-frameworks-${CONFIGURATION}-input-files.xcfilelist",
			);
			name = "[CP] Embed Pods Frameworks";
			outputFileListPaths = (
				"${PODS_ROOT}/Target Support Files/Pods-Flix-FlixUITests/Pods-Flix-FlixUITests-frameworks-${CONFIGURATION}-output-files.xcfilelist",
			);
			runOnlyForDeploymentPostprocessing = 0;
			shellPath = /bin/sh;
			shellScript = "\"${PODS_ROOT}/Target Support Files/Pods-Flix-FlixUITests/Pods-Flix-FlixUITests-frameworks.sh\"\n";
			showEnvVarsInLog = 0;
		};
		784CFF8AD24014EEFF2A50CF /* [CP] Check Pods Manifest.lock */ = {
			isa = PBXShellScriptBuildPhase;
			buildActionMask = 2147483647;
			files = (
			);
			inputFileListPaths = (
			);
			inputPaths = (
				"${PODS_PODFILE_DIR_PATH}/Podfile.lock",
				"${PODS_ROOT}/Manifest.lock",
			);
			name = "[CP] Check Pods Manifest.lock";
			outputFileListPaths = (
			);
			outputPaths = (
				"$(DERIVED_FILE_DIR)/Pods-Flix-checkManifestLockResult.txt",
			);
			runOnlyForDeploymentPostprocessing = 0;
			shellPath = /bin/sh;
			shellScript = "diff \"${PODS_PODFILE_DIR_PATH}/Podfile.lock\" \"${PODS_ROOT}/Manifest.lock\" > /dev/null\nif [ $? != 0 ] ; then\n    # print error to STDERR\n    echo \"error: The sandbox is not in sync with the Podfile.lock. Run 'pod install' or update your CocoaPods installation.\" >&2\n    exit 1\nfi\n# This output is used by Xcode 'outputs' to avoid re-running this script phase.\necho \"SUCCESS\" > \"${SCRIPT_OUTPUT_FILE_0}\"\n";
			showEnvVarsInLog = 0;
		};
		F503FDFF58D4ED09CD5537F9 /* [CP] Check Pods Manifest.lock */ = {
			isa = PBXShellScriptBuildPhase;
			buildActionMask = 2147483647;
			files = (
			);
			inputFileListPaths = (
			);
			inputPaths = (
				"${PODS_PODFILE_DIR_PATH}/Podfile.lock",
				"${PODS_ROOT}/Manifest.lock",
			);
			name = "[CP] Check Pods Manifest.lock";
			outputFileListPaths = (
			);
			outputPaths = (
				"$(DERIVED_FILE_DIR)/Pods-Flix-FlixUITests-checkManifestLockResult.txt",
			);
			runOnlyForDeploymentPostprocessing = 0;
			shellPath = /bin/sh;
			shellScript = "diff \"${PODS_PODFILE_DIR_PATH}/Podfile.lock\" \"${PODS_ROOT}/Manifest.lock\" > /dev/null\nif [ $? != 0 ] ; then\n    # print error to STDERR\n    echo \"error: The sandbox is not in sync with the Podfile.lock. Run 'pod install' or update your CocoaPods installation.\" >&2\n    exit 1\nfi\n# This output is used by Xcode 'outputs' to avoid re-running this script phase.\necho \"SUCCESS\" > \"${SCRIPT_OUTPUT_FILE_0}\"\n";
			showEnvVarsInLog = 0;
		};
		FC11D151F1368CDFE1440B25 /* [CP] Embed Pods Frameworks */ = {
			isa = PBXShellScriptBuildPhase;
			buildActionMask = 2147483647;
			files = (
			);
			inputFileListPaths = (
				"${PODS_ROOT}/Target Support Files/Pods-Flix/Pods-Flix-frameworks-${CONFIGURATION}-input-files.xcfilelist",
			);
			name = "[CP] Embed Pods Frameworks";
			outputFileListPaths = (
				"${PODS_ROOT}/Target Support Files/Pods-Flix/Pods-Flix-frameworks-${CONFIGURATION}-output-files.xcfilelist",
			);
			runOnlyForDeploymentPostprocessing = 0;
			shellPath = /bin/sh;
			shellScript = "\"${PODS_ROOT}/Target Support Files/Pods-Flix/Pods-Flix-frameworks.sh\"\n";
			showEnvVarsInLog = 0;
		};
/* End PBXShellScriptBuildPhase section */

/* Begin PBXSourcesBuildPhase section */
		9B0183902683902D00F4661C /* Sources */ = {
			isa = PBXSourcesBuildPhase;
			buildActionMask = 2147483647;
			files = (
				9B0183992683902D00F4661C /* AppDelegate.m in Sources */,
				9B0183D32683D51D00F4661C /* MovieCell.m in Sources */,
				9B0183CE26839DD900F4661C /* MoviesViewController.m in Sources */,
				9B0183D62683F89A00F4661C /* DetailsViewController.m in Sources */,
				9B45E20226853DDD003A2592 /* MovieCollectionCell.m in Sources */,
				9B0183AA2683902E00F4661C /* main.m in Sources */,
				9B01839C2683902D00F4661C /* SceneDelegate.m in Sources */,
				9B45E1FF26853ACB003A2592 /* MoviesGridViewController.m in Sources */,
			);
			runOnlyForDeploymentPostprocessing = 0;
		};
		9B0183AB2683902E00F4661C /* Sources */ = {
			isa = PBXSourcesBuildPhase;
			buildActionMask = 2147483647;
			files = (
				9B0183B42683902E00F4661C /* FlixTests.m in Sources */,
			);
			runOnlyForDeploymentPostprocessing = 0;
		};
		9B0183B62683902E00F4661C /* Sources */ = {
			isa = PBXSourcesBuildPhase;
			buildActionMask = 2147483647;
			files = (
				9B0183BF2683902E00F4661C /* FlixUITests.m in Sources */,
			);
			runOnlyForDeploymentPostprocessing = 0;
		};
/* End PBXSourcesBuildPhase section */

/* Begin PBXTargetDependency section */
		9B0183B12683902E00F4661C /* PBXTargetDependency */ = {
			isa = PBXTargetDependency;
			target = 9B0183932683902D00F4661C /* Flix */;
			targetProxy = 9B0183B02683902E00F4661C /* PBXContainerItemProxy */;
		};
		9B0183BC2683902E00F4661C /* PBXTargetDependency */ = {
			isa = PBXTargetDependency;
			target = 9B0183932683902D00F4661C /* Flix */;
			targetProxy = 9B0183BB2683902E00F4661C /* PBXContainerItemProxy */;
		};
/* End PBXTargetDependency section */

/* Begin PBXVariantGroup section */
		9B0183A02683902D00F4661C /* Main.storyboard */ = {
			isa = PBXVariantGroup;
			children = (
				9B0183A12683902D00F4661C /* Base */,
			);
			name = Main.storyboard;
			sourceTree = "<group>";
		};
		9B0183A52683902E00F4661C /* LaunchScreen.storyboard */ = {
			isa = PBXVariantGroup;
			children = (
				9B0183A62683902E00F4661C /* Base */,
			);
			name = LaunchScreen.storyboard;
			sourceTree = "<group>";
		};
/* End PBXVariantGroup section */

/* Begin XCBuildConfiguration section */
		9B0183C12683902E00F4661C /* Debug */ = {
			isa = XCBuildConfiguration;
			buildSettings = {
				ALWAYS_SEARCH_USER_PATHS = NO;
				CLANG_ANALYZER_NONNULL = YES;
				CLANG_ANALYZER_NUMBER_OBJECT_CONVERSION = YES_AGGRESSIVE;
				CLANG_CXX_LANGUAGE_STANDARD = "gnu++14";
				CLANG_CXX_LIBRARY = "libc++";
				CLANG_ENABLE_MODULES = YES;
				CLANG_ENABLE_OBJC_ARC = YES;
				CLANG_ENABLE_OBJC_WEAK = YES;
				CLANG_WARN_BLOCK_CAPTURE_AUTORELEASING = YES;
				CLANG_WARN_BOOL_CONVERSION = YES;
				CLANG_WARN_COMMA = YES;
				CLANG_WARN_CONSTANT_CONVERSION = YES;
				CLANG_WARN_DEPRECATED_OBJC_IMPLEMENTATIONS = YES;
				CLANG_WARN_DIRECT_OBJC_ISA_USAGE = YES_ERROR;
				CLANG_WARN_DOCUMENTATION_COMMENTS = YES;
				CLANG_WARN_EMPTY_BODY = YES;
				CLANG_WARN_ENUM_CONVERSION = YES;
				CLANG_WARN_INFINITE_RECURSION = YES;
				CLANG_WARN_INT_CONVERSION = YES;
				CLANG_WARN_NON_LITERAL_NULL_CONVERSION = YES;
				CLANG_WARN_OBJC_IMPLICIT_RETAIN_SELF = YES;
				CLANG_WARN_OBJC_LITERAL_CONVERSION = YES;
				CLANG_WARN_OBJC_ROOT_CLASS = YES_ERROR;
				CLANG_WARN_QUOTED_INCLUDE_IN_FRAMEWORK_HEADER = YES;
				CLANG_WARN_RANGE_LOOP_ANALYSIS = YES;
				CLANG_WARN_STRICT_PROTOTYPES = YES;
				CLANG_WARN_SUSPICIOUS_MOVE = YES;
				CLANG_WARN_UNGUARDED_AVAILABILITY = YES_AGGRESSIVE;
				CLANG_WARN_UNREACHABLE_CODE = YES;
				CLANG_WARN__DUPLICATE_METHOD_MATCH = YES;
				COPY_PHASE_STRIP = NO;
				DEBUG_INFORMATION_FORMAT = dwarf;
				ENABLE_STRICT_OBJC_MSGSEND = YES;
				ENABLE_TESTABILITY = YES;
				GCC_C_LANGUAGE_STANDARD = gnu11;
				GCC_DYNAMIC_NO_PIC = NO;
				GCC_NO_COMMON_BLOCKS = YES;
				GCC_OPTIMIZATION_LEVEL = 0;
				GCC_PREPROCESSOR_DEFINITIONS = (
					"DEBUG=1",
					"$(inherited)",
				);
				GCC_WARN_64_TO_32_BIT_CONVERSION = YES;
				GCC_WARN_ABOUT_RETURN_TYPE = YES_ERROR;
				GCC_WARN_UNDECLARED_SELECTOR = YES;
				GCC_WARN_UNINITIALIZED_AUTOS = YES_AGGRESSIVE;
				GCC_WARN_UNUSED_FUNCTION = YES;
				GCC_WARN_UNUSED_VARIABLE = YES;
				IPHONEOS_DEPLOYMENT_TARGET = 14.5;
				MTL_ENABLE_DEBUG_INFO = INCLUDE_SOURCE;
				MTL_FAST_MATH = YES;
				ONLY_ACTIVE_ARCH = YES;
				SDKROOT = iphoneos;
			};
			name = Debug;
		};
		9B0183C22683902E00F4661C /* Release */ = {
			isa = XCBuildConfiguration;
			buildSettings = {
				ALWAYS_SEARCH_USER_PATHS = NO;
				CLANG_ANALYZER_NONNULL = YES;
				CLANG_ANALYZER_NUMBER_OBJECT_CONVERSION = YES_AGGRESSIVE;
				CLANG_CXX_LANGUAGE_STANDARD = "gnu++14";
				CLANG_CXX_LIBRARY = "libc++";
				CLANG_ENABLE_MODULES = YES;
				CLANG_ENABLE_OBJC_ARC = YES;
				CLANG_ENABLE_OBJC_WEAK = YES;
				CLANG_WARN_BLOCK_CAPTURE_AUTORELEASING = YES;
				CLANG_WARN_BOOL_CONVERSION = YES;
				CLANG_WARN_COMMA = YES;
				CLANG_WARN_CONSTANT_CONVERSION = YES;
				CLANG_WARN_DEPRECATED_OBJC_IMPLEMENTATIONS = YES;
				CLANG_WARN_DIRECT_OBJC_ISA_USAGE = YES_ERROR;
				CLANG_WARN_DOCUMENTATION_COMMENTS = YES;
				CLANG_WARN_EMPTY_BODY = YES;
				CLANG_WARN_ENUM_CONVERSION = YES;
				CLANG_WARN_INFINITE_RECURSION = YES;
				CLANG_WARN_INT_CONVERSION = YES;
				CLANG_WARN_NON_LITERAL_NULL_CONVERSION = YES;
				CLANG_WARN_OBJC_IMPLICIT_RETAIN_SELF = YES;
				CLANG_WARN_OBJC_LITERAL_CONVERSION = YES;
				CLANG_WARN_OBJC_ROOT_CLASS = YES_ERROR;
				CLANG_WARN_QUOTED_INCLUDE_IN_FRAMEWORK_HEADER = YES;
				CLANG_WARN_RANGE_LOOP_ANALYSIS = YES;
				CLANG_WARN_STRICT_PROTOTYPES = YES;
				CLANG_WARN_SUSPICIOUS_MOVE = YES;
				CLANG_WARN_UNGUARDED_AVAILABILITY = YES_AGGRESSIVE;
				CLANG_WARN_UNREACHABLE_CODE = YES;
				CLANG_WARN__DUPLICATE_METHOD_MATCH = YES;
				COPY_PHASE_STRIP = NO;
				DEBUG_INFORMATION_FORMAT = "dwarf-with-dsym";
				ENABLE_NS_ASSERTIONS = NO;
				ENABLE_STRICT_OBJC_MSGSEND = YES;
				GCC_C_LANGUAGE_STANDARD = gnu11;
				GCC_NO_COMMON_BLOCKS = YES;
				GCC_WARN_64_TO_32_BIT_CONVERSION = YES;
				GCC_WARN_ABOUT_RETURN_TYPE = YES_ERROR;
				GCC_WARN_UNDECLARED_SELECTOR = YES;
				GCC_WARN_UNINITIALIZED_AUTOS = YES_AGGRESSIVE;
				GCC_WARN_UNUSED_FUNCTION = YES;
				GCC_WARN_UNUSED_VARIABLE = YES;
				IPHONEOS_DEPLOYMENT_TARGET = 14.5;
				MTL_ENABLE_DEBUG_INFO = NO;
				MTL_FAST_MATH = YES;
				SDKROOT = iphoneos;
				VALIDATE_PRODUCT = YES;
			};
			name = Release;
		};
		9B0183C42683902E00F4661C /* Debug */ = {
			isa = XCBuildConfiguration;
			baseConfigurationReference = 9975DA07B8C4FC1418DEAFD8 /* Pods-Flix.debug.xcconfig */;
			buildSettings = {
				ASSETCATALOG_COMPILER_APPICON_NAME = AppIcon;
				ASSETCATALOG_COMPILER_GLOBAL_ACCENT_COLOR_NAME = AccentColor;
				CODE_SIGN_STYLE = Automatic;
				DEVELOPMENT_TEAM = A48XFAV3YG;
				INFOPLIST_FILE = Flix/Info.plist;
				LD_RUNPATH_SEARCH_PATHS = (
					"$(inherited)",
					"@executable_path/Frameworks",
				);
				PRODUCT_BUNDLE_IDENTIFIER = com.milto2nd.Flix;
				PRODUCT_NAME = "$(TARGET_NAME)";
				TARGETED_DEVICE_FAMILY = "1,2";
			};
			name = Debug;
		};
		9B0183C52683902E00F4661C /* Release */ = {
			isa = XCBuildConfiguration;
			baseConfigurationReference = E35FEA37A2BC43612406F3B5 /* Pods-Flix.release.xcconfig */;
			buildSettings = {
				ASSETCATALOG_COMPILER_APPICON_NAME = AppIcon;
				ASSETCATALOG_COMPILER_GLOBAL_ACCENT_COLOR_NAME = AccentColor;
				CODE_SIGN_STYLE = Automatic;
				DEVELOPMENT_TEAM = A48XFAV3YG;
				INFOPLIST_FILE = Flix/Info.plist;
				LD_RUNPATH_SEARCH_PATHS = (
					"$(inherited)",
					"@executable_path/Frameworks",
				);
				PRODUCT_BUNDLE_IDENTIFIER = com.milto2nd.Flix;
				PRODUCT_NAME = "$(TARGET_NAME)";
				TARGETED_DEVICE_FAMILY = "1,2";
			};
			name = Release;
		};
		9B0183C72683902E00F4661C /* Debug */ = {
			isa = XCBuildConfiguration;
			baseConfigurationReference = 3070C6342F3A30C447F4BB36 /* Pods-FlixTests.debug.xcconfig */;
			buildSettings = {
				BUNDLE_LOADER = "$(TEST_HOST)";
				CODE_SIGN_STYLE = Automatic;
				DEVELOPMENT_TEAM = A48XFAV3YG;
				INFOPLIST_FILE = FlixTests/Info.plist;
				IPHONEOS_DEPLOYMENT_TARGET = 14.5;
				LD_RUNPATH_SEARCH_PATHS = (
					"$(inherited)",
					"@executable_path/Frameworks",
					"@loader_path/Frameworks",
				);
				PRODUCT_BUNDLE_IDENTIFIER = com.milto2nd.FlixTests;
				PRODUCT_NAME = "$(TARGET_NAME)";
				TARGETED_DEVICE_FAMILY = "1,2";
				TEST_HOST = "$(BUILT_PRODUCTS_DIR)/Flix.app/Flix";
			};
			name = Debug;
		};
		9B0183C82683902E00F4661C /* Release */ = {
			isa = XCBuildConfiguration;
			baseConfigurationReference = F7F792EC7A5AACDDFDEE88B0 /* Pods-FlixTests.release.xcconfig */;
			buildSettings = {
				BUNDLE_LOADER = "$(TEST_HOST)";
				CODE_SIGN_STYLE = Automatic;
				DEVELOPMENT_TEAM = A48XFAV3YG;
				INFOPLIST_FILE = FlixTests/Info.plist;
				IPHONEOS_DEPLOYMENT_TARGET = 14.5;
				LD_RUNPATH_SEARCH_PATHS = (
					"$(inherited)",
					"@executable_path/Frameworks",
					"@loader_path/Frameworks",
				);
				PRODUCT_BUNDLE_IDENTIFIER = com.milto2nd.FlixTests;
				PRODUCT_NAME = "$(TARGET_NAME)";
				TARGETED_DEVICE_FAMILY = "1,2";
				TEST_HOST = "$(BUILT_PRODUCTS_DIR)/Flix.app/Flix";
			};
			name = Release;
		};
		9B0183CA2683902E00F4661C /* Debug */ = {
			isa = XCBuildConfiguration;
			baseConfigurationReference = D2DB1B54B8AC695A44304536 /* Pods-Flix-FlixUITests.debug.xcconfig */;
			buildSettings = {
				CODE_SIGN_STYLE = Automatic;
				DEVELOPMENT_TEAM = A48XFAV3YG;
				INFOPLIST_FILE = FlixUITests/Info.plist;
				LD_RUNPATH_SEARCH_PATHS = (
					"$(inherited)",
					"@executable_path/Frameworks",
					"@loader_path/Frameworks",
				);
				PRODUCT_BUNDLE_IDENTIFIER = com.milto2nd.FlixUITests;
				PRODUCT_NAME = "$(TARGET_NAME)";
				TARGETED_DEVICE_FAMILY = "1,2";
				TEST_TARGET_NAME = Flix;
			};
			name = Debug;
		};
		9B0183CB2683902E00F4661C /* Release */ = {
			isa = XCBuildConfiguration;
			baseConfigurationReference = F7C5DA14E15FB2D852148656 /* Pods-Flix-FlixUITests.release.xcconfig */;
			buildSettings = {
				CODE_SIGN_STYLE = Automatic;
				DEVELOPMENT_TEAM = A48XFAV3YG;
				INFOPLIST_FILE = FlixUITests/Info.plist;
				LD_RUNPATH_SEARCH_PATHS = (
					"$(inherited)",
					"@executable_path/Frameworks",
					"@loader_path/Frameworks",
				);
				PRODUCT_BUNDLE_IDENTIFIER = com.milto2nd.FlixUITests;
				PRODUCT_NAME = "$(TARGET_NAME)";
				TARGETED_DEVICE_FAMILY = "1,2";
				TEST_TARGET_NAME = Flix;
			};
			name = Release;
		};
/* End XCBuildConfiguration section */

/* Begin XCConfigurationList section */
		9B01838F2683902D00F4661C /* Build configuration list for PBXProject "Flix" */ = {
			isa = XCConfigurationList;
			buildConfigurations = (
				9B0183C12683902E00F4661C /* Debug */,
				9B0183C22683902E00F4661C /* Release */,
			);
			defaultConfigurationIsVisible = 0;
			defaultConfigurationName = Release;
		};
		9B0183C32683902E00F4661C /* Build configuration list for PBXNativeTarget "Flix" */ = {
			isa = XCConfigurationList;
			buildConfigurations = (
				9B0183C42683902E00F4661C /* Debug */,
				9B0183C52683902E00F4661C /* Release */,
			);
			defaultConfigurationIsVisible = 0;
			defaultConfigurationName = Release;
		};
		9B0183C62683902E00F4661C /* Build configuration list for PBXNativeTarget "FlixTests" */ = {
			isa = XCConfigurationList;
			buildConfigurations = (
				9B0183C72683902E00F4661C /* Debug */,
				9B0183C82683902E00F4661C /* Release */,
			);
			defaultConfigurationIsVisible = 0;
			defaultConfigurationName = Release;
		};
		9B0183C92683902E00F4661C /* Build configuration list for PBXNativeTarget "FlixUITests" */ = {
			isa = XCConfigurationList;
			buildConfigurations = (
				9B0183CA2683902E00F4661C /* Debug */,
				9B0183CB2683902E00F4661C /* Release */,
			);
			defaultConfigurationIsVisible = 0;
			defaultConfigurationName = Release;
		};
/* End XCConfigurationList section */
	};
	rootObject = 9B01838C2683902D00F4661C /* Project object */;
}
